
Microsoft Visual Studio Solution File, Format Version 12.00
# Visual Studio Version 17
VisualStudioVersion = 17.0.31903.59
MinimumVisualStudioVersion = 10.0.40219.1
Project("{9A19103F-16F7-4668-BE54-9A1E7A4F7556}") = "Panda", "Panda\Panda.csproj", "{2FEE7D7D-6392-41A7-AC0D-0DCC92BA6BA9}"
EndProject
Project("{9A19103F-16F7-4668-BE54-9A1E7A4F7556}") = "Panda.Clustering", "Panda.Clustering\Panda.Clustering.csproj", "{26D4FA18-E56D-4FE8-9931-DC47E29D675E}"
EndProject
Project("{9A19103F-16F7-4668-BE54-9A1E7A4F7556}") = "Panda.Clustering.UnitTests", "Panda.Clustering.UnitTests\Panda.Clustering.UnitTests.csproj", "{54C77329-5933-4346-9A53-C790171C800B}"
EndProject
Project("{9A19103F-16F7-4668-BE54-9A1E7A4F7556}") = "Panda.Logging", "Panda.Logging\Panda.Logging.csproj", "{E7AA0ECF-29A2-429C-B8BB-8160D0606E1E}"
EndProject
Project("{9A19103F-16F7-4668-BE54-9A1E7A4F7556}") = "Panda.Logging.UnitTests", "Panda.Logging.UnitTests\Panda.Logging.UnitTests.csproj", "{CCA9F344-F544-4E76-812D-2986DD309D7C}"
EndProject
Project("{2150E333-8FDC-42A3-9474-1A3956D46DE8}") = ".github", ".github", "{7C8950DD-9A83-4489-B134-EC1B32E6DBE2}"
EndProject
Project("{2150E333-8FDC-42A3-9474-1A3956D46DE8}") = "workflows", "workflows", "{33D94198-2659-43F9-8128-07BBEE9F1087}"
	ProjectSection(SolutionItems) = preProject
		.github\workflows\codeql-analysis.yml = .github\workflows\codeql-analysis.yml
		.github\workflows\dotnet.yml = .github\workflows\dotnet.yml
	EndProjectSection
EndProject
Project("{9A19103F-16F7-4668-BE54-9A1E7A4F7556}") = "Build", "build\Build.csproj", "{04A45AE9-38BF-4189-AF74-F612ED74A08D}"
EndProject
Project("{2150E333-8FDC-42A3-9474-1A3956D46DE8}") = "Solution Items", "Solution Items", "{24403AE7-8F02-4905-A7E4-8A7619391A44}"
	ProjectSection(SolutionItems) = preProject
		Directory.Build.props = Directory.Build.props
	EndProjectSection
EndProject
Project("{9A19103F-16F7-4668-BE54-9A1E7A4F7556}") = "Panda.Data", "Panda.Data\Panda.Data.csproj", "{43B213BE-BF9A-4108-9B10-9A8E7853072E}"
EndProject
Project("{9A19103F-16F7-4668-BE54-9A1E7A4F7556}") = "Panda.Data.UnitTests", "Panda.Data.UnitTests\Panda.Data.UnitTests.csproj", "{21ECCA30-EEF7-4FDE-BEAA-09F418710492}"
EndProject
Global
	GlobalSection(SolutionConfigurationPlatforms) = preSolution
		Debug|Any CPU = Debug|Any CPU
		Release|Any CPU = Release|Any CPU
	EndGlobalSection
	GlobalSection(ProjectConfigurationPlatforms) = postSolution
		{2FEE7D7D-6392-41A7-AC0D-0DCC92BA6BA9}.Debug|Any CPU.ActiveCfg = Debug|Any CPU
		{2FEE7D7D-6392-41A7-AC0D-0DCC92BA6BA9}.Debug|Any CPU.Build.0 = Debug|Any CPU
		{2FEE7D7D-6392-41A7-AC0D-0DCC92BA6BA9}.Release|Any CPU.ActiveCfg = Release|Any CPU
		{2FEE7D7D-6392-41A7-AC0D-0DCC92BA6BA9}.Release|Any CPU.Build.0 = Release|Any CPU
		{26D4FA18-E56D-4FE8-9931-DC47E29D675E}.Debug|Any CPU.ActiveCfg = Debug|Any CPU
		{26D4FA18-E56D-4FE8-9931-DC47E29D675E}.Debug|Any CPU.Build.0 = Debug|Any CPU
		{26D4FA18-E56D-4FE8-9931-DC47E29D675E}.Release|Any CPU.ActiveCfg = Release|Any CPU
		{26D4FA18-E56D-4FE8-9931-DC47E29D675E}.Release|Any CPU.Build.0 = Release|Any CPU
		{54C77329-5933-4346-9A53-C790171C800B}.Debug|Any CPU.ActiveCfg = Debug|Any CPU
		{54C77329-5933-4346-9A53-C790171C800B}.Debug|Any CPU.Build.0 = Debug|Any CPU
		{54C77329-5933-4346-9A53-C790171C800B}.Release|Any CPU.ActiveCfg = Release|Any CPU
		{54C77329-5933-4346-9A53-C790171C800B}.Release|Any CPU.Build.0 = Release|Any CPU
		{E7AA0ECF-29A2-429C-B8BB-8160D0606E1E}.Debug|Any CPU.ActiveCfg = Debug|Any CPU
		{E7AA0ECF-29A2-429C-B8BB-8160D0606E1E}.Debug|Any CPU.Build.0 = Debug|Any CPU
		{E7AA0ECF-29A2-429C-B8BB-8160D0606E1E}.Release|Any CPU.ActiveCfg = Release|Any CPU
		{E7AA0ECF-29A2-429C-B8BB-8160D0606E1E}.Release|Any CPU.Build.0 = Release|Any CPU
		{CCA9F344-F544-4E76-812D-2986DD309D7C}.Debug|Any CPU.ActiveCfg = Debug|Any CPU
		{CCA9F344-F544-4E76-812D-2986DD309D7C}.Debug|Any CPU.Build.0 = Debug|Any CPU
		{CCA9F344-F544-4E76-812D-2986DD309D7C}.Release|Any CPU.ActiveCfg = Release|Any CPU
		{CCA9F344-F544-4E76-812D-2986DD309D7C}.Release|Any CPU.Build.0 = Release|Any CPU
		{04A45AE9-38BF-4189-AF74-F612ED74A08D}.Debug|Any CPU.ActiveCfg = Debug|Any CPU
		{04A45AE9-38BF-4189-AF74-F612ED74A08D}.Debug|Any CPU.Build.0 = Debug|Any CPU
		{04A45AE9-38BF-4189-AF74-F612ED74A08D}.Release|Any CPU.ActiveCfg = Release|Any CPU
		{04A45AE9-38BF-4189-AF74-F612ED74A08D}.Release|Any CPU.Build.0 = Release|Any CPU
		{43B213BE-BF9A-4108-9B10-9A8E7853072E}.Debug|Any CPU.ActiveCfg = Debug|Any CPU
		{43B213BE-BF9A-4108-9B10-9A8E7853072E}.Debug|Any CPU.Build.0 = Debug|Any CPU
		{43B213BE-BF9A-4108-9B10-9A8E7853072E}.Release|Any CPU.ActiveCfg = Release|Any CPU
		{43B213BE-BF9A-4108-9B10-9A8E7853072E}.Release|Any CPU.Build.0 = Release|Any CPU
		{21ECCA30-EEF7-4FDE-BEAA-09F418710492}.Debug|Any CPU.ActiveCfg = Debug|Any CPU
		{21ECCA30-EEF7-4FDE-BEAA-09F418710492}.Debug|Any CPU.Build.0 = Debug|Any CPU
		{21ECCA30-EEF7-4FDE-BEAA-09F418710492}.Release|Any CPU.ActiveCfg = Release|Any CPU
		{21ECCA30-EEF7-4FDE-BEAA-09F418710492}.Release|Any CPU.Build.0 = Release|Any CPU
	EndGlobalSection
	GlobalSection(SolutionProperties) = preSolution
		HideSolutionNode = FALSE
	EndGlobalSection
	GlobalSection(NestedProjects) = preSolution
		{33D94198-2659-43F9-8128-07BBEE9F1087} = {7C8950DD-9A83-4489-B134-EC1B32E6DBE2}
	EndGlobalSection
	GlobalSection(ExtensibilityGlobals) = postSolution
		SolutionGuid = {C8C121A8-3C3A-46B2-AD62-DFFC9C8FEA0E}
	EndGlobalSection
EndGlobal
